
Microsoft Visual Studio Solution File, Format Version 12.00
# Visual Studio 15
VisualStudioVersion = 15.0.28307.960
MinimumVisualStudioVersion = 10.0.40219.1
Project("{FAE04EC0-301F-11D3-BF4B-00C04F79EFBC}") = "RaytecPreactorFileSyncPrj", "RaytecPreactorFileSyncPrj\RaytecPreactorFileSyncPrj.csproj", "{9FC14CB7-4BF1-40F2-8D29-F2B0C1529A53}"
EndProject
Global
	GlobalSection(SolutionConfigurationPlatforms) = preSolution
		Debug|Any CPU = Debug|Any CPU
		Release|Any CPU = Release|Any CPU
	EndGlobalSection
	GlobalSection(ProjectConfigurationPlatforms) = postSolution
		{9FC14CB7-4BF1-40F2-8D29-F2B0C1529A53}.Debug|Any CPU.ActiveCfg = Debug|Any CPU
		{9FC14CB7-4BF1-40F2-8D29-F2B0C1529A53}.Debug|Any CPU.Build.0 = Debug|Any CPU
		{9FC14CB7-4BF1-40F2-8D29-F2B0C1529A53}.Release|Any CPU.ActiveCfg = Release|Any CPU
		{9FC14CB7-4BF1-40F2-8D29-F2B0C1529A53}.Release|Any CPU.Build.0 = Release|Any CPU
	EndGlobalSection
	GlobalSection(SolutionProperties) = preSolution
		HideSolutionNode = FALSE
	EndGlobalSection
	GlobalSection(ExtensibilityGlobals) = postSolution
		SolutionGuid = {84BC6844-383C-4E6C-ACD5-2E9DA2CD29FE}
	EndGlobalSection
EndGlobal
